// !$*UTF8*$!
{
	archiveVersion = 1;
	classes = {
	};
	objectVersion = 50;
	objects = {

/* Begin PBXBuildFile section */
		B71649D7223BF17A005179AC /* AppDelegate.swift in Sources */ = {isa = PBXBuildFile; fileRef = B71649D6223BF17A005179AC /* AppDelegate.swift */; };
		B71649D9223BF17A005179AC /* ViewController.swift in Sources */ = {isa = PBXBuildFile; fileRef = B71649D8223BF17A005179AC /* ViewController.swift */; };
		B71649DC223BF17A005179AC /* Main.storyboard in Resources */ = {isa = PBXBuildFile; fileRef = B71649DA223BF17A005179AC /* Main.storyboard */; };
		B71649DE223BF17C005179AC /* Assets.xcassets in Resources */ = {isa = PBXBuildFile; fileRef = B71649DD223BF17C005179AC /* Assets.xcassets */; };
		B71649E1223BF17C005179AC /* LaunchScreen.storyboard in Resources */ = {isa = PBXBuildFile; fileRef = B71649DF223BF17C005179AC /* LaunchScreen.storyboard */; };
		B71649EC223BF17C005179AC /* hw1Tests.swift in Sources */ = {isa = PBXBuildFile; fileRef = B71649EB223BF17C005179AC /* hw1Tests.swift */; };
		B71649F7223BF17C005179AC /* hw1UITests.swift in Sources */ = {isa = PBXBuildFile; fileRef = B71649F6223BF17C005179AC /* hw1UITests.swift */; };
/* End PBXBuildFile section */

/* Begin PBXContainerItemProxy section */
		B71649E8223BF17C005179AC /* PBXContainerItemProxy */ = {
			isa = PBXContainerItemProxy;
			containerPortal = B71649CB223BF17A005179AC /* Project object */;
			proxyType = 1;
			remoteGlobalIDString = B71649D2223BF17A005179AC;
			remoteInfo = hw1;
		};
		B71649F3223BF17C005179AC /* PBXContainerItemProxy */ = {
			isa = PBXContainerItemProxy;
			containerPortal = B71649CB223BF17A005179AC /* Project object */;
			proxyType = 1;
			remoteGlobalIDString = B71649D2223BF17A005179AC;
			remoteInfo = hw1;
		};
/* End PBXContainerItemProxy section */

/* Begin PBXFileReference section */
		B71649D3223BF17A005179AC /* hw1.app */ = {isa = PBXFileReference; explicitFileType = wrapper.application; includeInIndex = 0; path = hw1.app; sourceTree = BUILT_PRODUCTS_DIR; };
		B71649D6223BF17A005179AC /* AppDelegate.swift */ = {isa = PBXFileReference; lastKnownFileType = sourcecode.swift; path = AppDelegate.swift; sourceTree = "<group>"; };
		B71649D8223BF17A005179AC /* ViewController.swift */ = {isa = PBXFileReference; lastKnownFileType = sourcecode.swift; path = ViewController.swift; sourceTree = "<group>"; };
		B71649DB223BF17A005179AC /* Base */ = {isa = PBXFileReference; lastKnownFileType = file.storyboard; name = Base; path = Base.lproj/Main.storyboard; sourceTree = "<group>"; };
		B71649DD223BF17C005179AC /* Assets.xcassets */ = {isa = PBXFileReference; lastKnownFileType = folder.assetcatalog; path = Assets.xcassets; sourceTree = "<group>"; };
		B71649E0223BF17C005179AC /* Base */ = {isa = PBXFileReference; lastKnownFileType = file.storyboard; name = Base; path = Base.lproj/LaunchScreen.storyboard; sourceTree = "<group>"; };
		B71649E2223BF17C005179AC /* Info.plist */ = {isa = PBXFileReference; lastKnownFileType = text.plist.xml; path = Info.plist; sourceTree = "<group>"; };
		B71649E7223BF17C005179AC /* hw1Tests.xctest */ = {isa = PBXFileReference; explicitFileType = wrapper.cfbundle; includeInIndex = 0; path = hw1Tests.xctest; sourceTree = BUILT_PRODUCTS_DIR; };
		B71649EB223BF17C005179AC /* hw1Tests.swift */ = {isa = PBXFileReference; lastKnownFileType = sourcecode.swift; path = hw1Tests.swift; sourceTree = "<group>"; };
		B71649ED223BF17C005179AC /* Info.plist */ = {isa = PBXFileReference; lastKnownFileType = text.plist.xml; path = Info.plist; sourceTree = "<group>"; };
		B71649F2223BF17C005179AC /* hw1UITests.xctest */ = {isa = PBXFileReference; explicitFileType = wrapper.cfbundle; includeInIndex = 0; path = hw1UITests.xctest; sourceTree = BUILT_PRODUCTS_DIR; };
		B71649F6223BF17C005179AC /* hw1UITests.swift */ = {isa = PBXFileReference; lastKnownFileType = sourcecode.swift; path = hw1UITests.swift; sourceTree = "<group>"; };
		B71649F8223BF17C005179AC /* Info.plist */ = {isa = PBXFileReference; lastKnownFileType = text.plist.xml; path = Info.plist; sourceTree = "<group>"; };
/* End PBXFileReference section */

/* Begin PBXFrameworksBuildPhase section */
		B71649D0223BF17A005179AC /* Frameworks */ = {
			isa = PBXFrameworksBuildPhase;
			buildActionMask = 2147483647;
			files = (
			);
			runOnlyForDeploymentPostprocessing = 0;
		};
		B71649E4223BF17C005179AC /* Frameworks */ = {
			isa = PBXFrameworksBuildPhase;
			buildActionMask = 2147483647;
			files = (
			);
			runOnlyForDeploymentPostprocessing = 0;
		};
		B71649EF223BF17C005179AC /* Frameworks */ = {
			isa = PBXFrameworksBuildPhase;
			buildActionMask = 2147483647;
			files = (
			);
			runOnlyForDeploymentPostprocessing = 0;
		};
/* End PBXFrameworksBuildPhase section */

/* Begin PBXGroup section */
		B71649CA223BF17A005179AC = {
			isa = PBXGroup;
			children = (
				B71649D5223BF17A005179AC /* hw1 */,
				B71649EA223BF17C005179AC /* hw1Tests */,
				B71649F5223BF17C005179AC /* hw1UITests */,
				B71649D4223BF17A005179AC /* Products */,
			);
			sourceTree = "<group>";
		};
		B71649D4223BF17A005179AC /* Products */ = {
			isa = PBXGroup;
			children = (
				B71649D3223BF17A005179AC /* hw1.app */,
				B71649E7223BF17C005179AC /* hw1Tests.xctest */,
				B71649F2223BF17C005179AC /* hw1UITests.xctest */,
			);
			name = Products;
			sourceTree = "<group>";
		};
		B71649D5223BF17A005179AC /* hw1 */ = {
			isa = PBXGroup;
			children = (
				B71649D6223BF17A005179AC /* AppDelegate.swift */,
				B71649D8223BF17A005179AC /* ViewController.swift */,
				B71649DA223BF17A005179AC /* Main.storyboard */,
				B71649DD223BF17C005179AC /* Assets.xcassets */,
				B71649DF223BF17C005179AC /* LaunchScreen.storyboard */,
				B71649E2223BF17C005179AC /* Info.plist */,
			);
			path = hw1;
			sourceTree = "<group>";
		};
		B71649EA223BF17C005179AC /* hw1Tests */ = {
			isa = PBXGroup;
			children = (
				B71649EB223BF17C005179AC /* hw1Tests.swift */,
				B71649ED223BF17C005179AC /* Info.plist */,
			);
			path = hw1Tests;
			sourceTree = "<group>";
		};
		B71649F5223BF17C005179AC /* hw1UITests */ = {
			isa = PBXGroup;
			children = (
				B71649F6223BF17C005179AC /* hw1UITests.swift */,
				B71649F8223BF17C005179AC /* Info.plist */,
			);
			path = hw1UITests;
			sourceTree = "<group>";
		};
/* End PBXGroup section */

/* Begin PBXNativeTarget section */
		B71649D2223BF17A005179AC /* hw1 */ = {
			isa = PBXNativeTarget;
			buildConfigurationList = B71649FB223BF17C005179AC /* Build configuration list for PBXNativeTarget "hw1" */;
			buildPhases = (
				B71649CF223BF17A005179AC /* Sources */,
				B71649D0223BF17A005179AC /* Frameworks */,
				B71649D1223BF17A005179AC /* Resources */,
			);
			buildRules = (
			);
			dependencies = (
			);
			name = hw1;
			productName = hw1;
			productReference = B71649D3223BF17A005179AC /* hw1.app */;
			productType = "com.apple.product-type.application";
		};
		B71649E6223BF17C005179AC /* hw1Tests */ = {
			isa = PBXNativeTarget;
			buildConfigurationList = B71649FE223BF17C005179AC /* Build configuration list for PBXNativeTarget "hw1Tests" */;
			buildPhases = (
				B71649E3223BF17C005179AC /* Sources */,
				B71649E4223BF17C005179AC /* Frameworks */,
				B71649E5223BF17C005179AC /* Resources */,
			);
			buildRules = (
			);
			dependencies = (
				B71649E9223BF17C005179AC /* PBXTargetDependency */,
			);
			name = hw1Tests;
			productName = hw1Tests;
			productReference = B71649E7223BF17C005179AC /* hw1Tests.xctest */;
			productType = "com.apple.product-type.bundle.unit-test";
		};
		B71649F1223BF17C005179AC /* hw1UITests */ = {
			isa = PBXNativeTarget;
			buildConfigurationList = B7164A01223BF17C005179AC /* Build configuration list for PBXNativeTarget "hw1UITests" */;
			buildPhases = (
				B71649EE223BF17C005179AC /* Sources */,
				B71649EF223BF17C005179AC /* Frameworks */,
				B71649F0223BF17C005179AC /* Resources */,
			);
			buildRules = (
			);
			dependencies = (
				B71649F4223BF17C005179AC /* PBXTargetDependency */,
			);
			name = hw1UITests;
			productName = hw1UITests;
			productReference = B71649F2223BF17C005179AC /* hw1UITests.xctest */;
			productType = "com.apple.product-type.bundle.ui-testing";
		};
/* End PBXNativeTarget section */

/* Begin PBXProject section */
		B71649CB223BF17A005179AC /* Project object */ = {
			isa = PBXProject;
			attributes = {
				LastSwiftUpdateCheck = 1010;
				LastUpgradeCheck = 1010;
				ORGANIZATIONNAME = vv;
				TargetAttributes = {
					B71649D2223BF17A005179AC = {
						CreatedOnToolsVersion = 10.1;
					};
					B71649E6223BF17C005179AC = {
						CreatedOnToolsVersion = 10.1;
						TestTargetID = B71649D2223BF17A005179AC;
					};
					B71649F1223BF17C005179AC = {
						CreatedOnToolsVersion = 10.1;
						TestTargetID = B71649D2223BF17A005179AC;
					};
				};
			};
			buildConfigurationList = B71649CE223BF17A005179AC /* Build configuration list for PBXProject "hw1" */;
			compatibilityVersion = "Xcode 9.3";
			developmentRegion = en;
			hasScannedForEncodings = 0;
			knownRegions = (
				en,
				Base,
			);
			mainGroup = B71649CA223BF17A005179AC;
			productRefGroup = B71649D4223BF17A005179AC /* Products */;
			projectDirPath = "";
			projectRoot = "";
			targets = (
				B71649D2223BF17A005179AC /* hw1 */,
				B71649E6223BF17C005179AC /* hw1Tests */,
				B71649F1223BF17C005179AC /* hw1UITests */,
			);
		};
/* End PBXProject section */

/* Begin PBXResourcesBuildPhase section */
		B71649D1223BF17A005179AC /* Resources */ = {
			isa = PBXResourcesBuildPhase;
			buildActionMask = 2147483647;
			files = (
				B71649E1223BF17C005179AC /* LaunchScreen.storyboard in Resources */,
				B71649DE223BF17C005179AC /* Assets.xcassets in Resources */,
				B71649DC223BF17A005179AC /* Main.storyboard in Resources */,
			);
			runOnlyForDeploymentPostprocessing = 0;
		};
		B71649E5223BF17C005179AC /* Resources */ = {
			isa = PBXResourcesBuildPhase;
			buildActionMask = 2147483647;
			files = (
			);
			runOnlyForDeploymentPostprocessing = 0;
		};
		B71649F0223BF17C005179AC /* Resources */ = {
			isa = PBXResourcesBuildPhase;
			buildActionMask = 2147483647;
			files = (
			);
			runOnlyForDeploymentPostprocessing = 0;
		};
/* End PBXResourcesBuildPhase section */

/* Begin PBXSourcesBuildPhase section */
		B71649CF223BF17A005179AC /* Sources */ = {
			isa = PBXSourcesBuildPhase;
			buildActionMask = 2147483647;
			files = (
				B71649D9223BF17A005179AC /* ViewController.swift in Sources */,
				B71649D7223BF17A005179AC /* AppDelegate.swift in Sources */,
			);
			runOnlyForDeploymentPostprocessing = 0;
		};
		B71649E3223BF17C005179AC /* Sources */ = {
			isa = PBXSourcesBuildPhase;
			buildActionMask = 2147483647;
			files = (
				B71649EC223BF17C005179AC /* hw1Tests.swift in Sources */,
			);
			runOnlyForDeploymentPostprocessing = 0;
		};
		B71649EE223BF17C005179AC /* Sources */ = {
			isa = PBXSourcesBuildPhase;
			buildActionMask = 2147483647;
			files = (
				B71649F7223BF17C005179AC /* hw1UITests.swift in Sources */,
			);
			runOnlyForDeploymentPostprocessing = 0;
		};
/* End PBXSourcesBuildPhase section */

/* Begin PBXTargetDependency section */
		B71649E9223BF17C005179AC /* PBXTargetDependency */ = {
			isa = PBXTargetDependency;
			target = B71649D2223BF17A005179AC /* hw1 */;
			targetProxy = B71649E8223BF17C005179AC /* PBXContainerItemProxy */;
		};
		B71649F4223BF17C005179AC /* PBXTargetDependency */ = {
			isa = PBXTargetDependency;
			target = B71649D2223BF17A005179AC /* hw1 */;
			targetProxy = B71649F3223BF17C005179AC /* PBXContainerItemProxy */;
		};
/* End PBXTargetDependency section */

/* Begin PBXVariantGroup section */
		B71649DA223BF17A005179AC /* Main.storyboard */ = {
			isa = PBXVariantGroup;
			children = (
				B71649DB223BF17A005179AC /* Base */,
			);
			name = Main.storyboard;
			sourceTree = "<group>";
		};
		B71649DF223BF17C005179AC /* LaunchScreen.storyboard */ = {
			isa = PBXVariantGroup;
			children = (
				B71649E0223BF17C005179AC /* Base */,
			);
			name = LaunchScreen.storyboard;
			sourceTree = "<group>";
		};
/* End PBXVariantGroup section */

/* Begin XCBuildConfiguration section */
		B71649F9223BF17C005179AC /* Debug */ = {
			isa = XCBuildConfiguration;
			buildSettings = {
				ALWAYS_SEARCH_USER_PATHS = NO;
				CLANG_ANALYZER_NONNULL = YES;
				CLANG_ANALYZER_NUMBER_OBJECT_CONVERSION = YES_AGGRESSIVE;
				CLANG_CXX_LANGUAGE_STANDARD = "gnu++14";
				CLANG_CXX_LIBRARY = "libc++";
				CLANG_ENABLE_MODULES = YES;
				CLANG_ENABLE_OBJC_ARC = YES;
				CLANG_ENABLE_OBJC_WEAK = YES;
				CLANG_WARN_BLOCK_CAPTURE_AUTORELEASING = YES;
				CLANG_WARN_BOOL_CONVERSION = YES;
				CLANG_WARN_COMMA = YES;
				CLANG_WARN_CONSTANT_CONVERSION = YES;
				CLANG_WARN_DEPRECATED_OBJC_IMPLEMENTATIONS = YES;
				CLANG_WARN_DIRECT_OBJC_ISA_USAGE = YES_ERROR;
				CLANG_WARN_DOCUMENTATION_COMMENTS = YES;
				CLANG_WARN_EMPTY_BODY = YES;
				CLANG_WARN_ENUM_CONVERSION = YES;
				CLANG_WARN_INFINITE_RECURSION = YES;
				CLANG_WARN_INT_CONVERSION = YES;
				CLANG_WARN_NON_LITERAL_NULL_CONVERSION = YES;
				CLANG_WARN_OBJC_IMPLICIT_RETAIN_SELF = YES;
				CLANG_WARN_OBJC_LITERAL_CONVERSION = YES;
				CLANG_WARN_OBJC_ROOT_CLASS = YES_ERROR;
				CLANG_WARN_RANGE_LOOP_ANALYSIS = YES;
				CLANG_WARN_STRICT_PROTOTYPES = YES;
				CLANG_WARN_SUSPICIOUS_MOVE = YES;
				CLANG_WARN_UNGUARDED_AVAILABILITY = YES_AGGRESSIVE;
				CLANG_WARN_UNREACHABLE_CODE = YES;
				CLANG_WARN__DUPLICATE_METHOD_MATCH = YES;
				CODE_SIGN_IDENTITY = "iPhone Developer";
				COPY_PHASE_STRIP = NO;
				DEBUG_INFORMATION_FORMAT = dwarf;
				ENABLE_STRICT_OBJC_MSGSEND = YES;
				ENABLE_TESTABILITY = YES;
				GCC_C_LANGUAGE_STANDARD = gnu11;
				GCC_DYNAMIC_NO_PIC = NO;
				GCC_NO_COMMON_BLOCKS = YES;
				GCC_OPTIMIZATION_LEVEL = 0;
				GCC_PREPROCESSOR_DEFINITIONS = (
					"DEBUG=1",
					"$(inherited)",
				);
				GCC_WARN_64_TO_32_BIT_CONVERSION = YES;
				GCC_WARN_ABOUT_RETURN_TYPE = YES_ERROR;
				GCC_WARN_UNDECLARED_SELECTOR = YES;
				GCC_WARN_UNINITIALIZED_AUTOS = YES_AGGRESSIVE;
				GCC_WARN_UNUSED_FUNCTION = YES;
				GCC_WARN_UNUSED_VARIABLE = YES;
				IPHONEOS_DEPLOYMENT_TARGET = 12.1;
				MTL_ENABLE_DEBUG_INFO = INCLUDE_SOURCE;
				MTL_FAST_MATH = YES;
				ONLY_ACTIVE_ARCH = YES;
				SDKROOT = iphoneos;
				SWIFT_ACTIVE_COMPILATION_CONDITIONS = DEBUG;
				SWIFT_OPTIMIZATION_LEVEL = "-Onone";
			};
			name = Debug;
		};
		B71649FA223BF17C005179AC /* Release */ = {
			isa = XCBuildConfiguration;
			buildSettings = {
				ALWAYS_SEARCH_USER_PATHS = NO;
				CLANG_ANALYZER_NONNULL = YES;
				CLANG_ANALYZER_NUMBER_OBJECT_CONVERSION = YES_AGGRESSIVE;
				CLANG_CXX_LANGUAGE_STANDARD = "gnu++14";
				CLANG_CXX_LIBRARY = "libc++";
				CLANG_ENABLE_MODULES = YES;
				CLANG_ENABLE_OBJC_ARC = YES;
				CLANG_ENABLE_OBJC_WEAK = YES;
				CLANG_WARN_BLOCK_CAPTURE_AUTORELEASING = YES;
				CLANG_WARN_BOOL_CONVERSION = YES;
				CLANG_WARN_COMMA = YES;
				CLANG_WARN_CONSTANT_CONVERSION = YES;
				CLANG_WARN_DEPRECATED_OBJC_IMPLEMENTATIONS = YES;
				CLANG_WARN_DIRECT_OBJC_ISA_USAGE = YES_ERROR;
				CLANG_WARN_DOCUMENTATION_COMMENTS = YES;
				CLANG_WARN_EMPTY_BODY = YES;
				CLANG_WARN_ENUM_CONVERSION = YES;
				CLANG_WARN_INFINITE_RECURSION = YES;
				CLANG_WARN_INT_CONVERSION = YES;
				CLANG_WARN_NON_LITERAL_NULL_CONVERSION = YES;
				CLANG_WARN_OBJC_IMPLICIT_RETAIN_SELF = YES;
				CLANG_WARN_OBJC_LITERAL_CONVERSION = YES;
				CLANG_WARN_OBJC_ROOT_CLASS = YES_ERROR;
				CLANG_WARN_RANGE_LOOP_ANALYSIS = YES;
				CLANG_WARN_STRICT_PROTOTYPES = YES;
				CLANG_WARN_SUSPICIOUS_MOVE = YES;
				CLANG_WARN_UNGUARDED_AVAILABILITY = YES_AGGRESSIVE;
				CLANG_WARN_UNREACHABLE_CODE = YES;
				CLANG_WARN__DUPLICATE_METHOD_MATCH = YES;
				CODE_SIGN_IDENTITY = "iPhone Developer";
				COPY_PHASE_STRIP = NO;
				DEBUG_INFORMATION_FORMAT = "dwarf-with-dsym";
				ENABLE_NS_ASSERTIONS = NO;
				ENABLE_STRICT_OBJC_MSGSEND = YES;
				GCC_C_LANGUAGE_STANDARD = gnu11;
				GCC_NO_COMMON_BLOCKS = YES;
				GCC_WARN_64_TO_32_BIT_CONVERSION = YES;
				GCC_WARN_ABOUT_RETURN_TYPE = YES_ERROR;
				GCC_WARN_UNDECLARED_SELECTOR = YES;
				GCC_WARN_UNINITIALIZED_AUTOS = YES_AGGRESSIVE;
				GCC_WARN_UNUSED_FUNCTION = YES;
				GCC_WARN_UNUSED_VARIABLE = YES;
				IPHONEOS_DEPLOYMENT_TARGET = 12.1;
				MTL_ENABLE_DEBUG_INFO = NO;
				MTL_FAST_MATH = YES;
				SDKROOT = iphoneos;
				SWIFT_COMPILATION_MODE = wholemodule;
				SWIFT_OPTIMIZATION_LEVEL = "-O";
				VALIDATE_PRODUCT = YES;
			};
			name = Release;
		};
		B71649FC223BF17C005179AC /* Debug */ = {
			isa = XCBuildConfiguration;
			buildSettings = {
				ASSETCATALOG_COMPILER_APPICON_NAME = AppIcon;
				CODE_SIGN_STYLE = Automatic;
				INFOPLIST_FILE = hw1/Info.plist;
				LD_RUNPATH_SEARCH_PATHS = (
					"$(inherited)",
					"@executable_path/Frameworks",
				);
				PRODUCT_BUNDLE_IDENTIFIER = vv.hw1;
				PRODUCT_NAME = "$(TARGET_NAME)";
				SWIFT_VERSION = 4.2;
				TARGETED_DEVICE_FAMILY = "1,2";
			};
			name = Debug;
		};
		B71649FD223BF17C005179AC /* Release */ = {
			isa = XCBuildConfiguration;
			buildSettings = {
				ASSETCATALOG_COMPILER_APPICON_NAME = AppIcon;
				CODE_SIGN_STYLE = Automatic;
				INFOPLIST_FILE = hw1/Info.plist;
				LD_RUNPATH_SEARCH_PATHS = (
					"$(inherited)",
					"@executable_path/Frameworks",
				);
				PRODUCT_BUNDLE_IDENTIFIER = vv.hw1;
				PRODUCT_NAME = "$(TARGET_NAME)";
				SWIFT_VERSION = 4.2;
				TARGETED_DEVICE_FAMILY = "1,2";
			};
			name = Release;
		};
		B71649FF223BF17C005179AC /* Debug */ = {
			isa = XCBuildConfiguration;
			buildSettings = {
				ALWAYS_EMBED_SWIFT_STANDARD_LIBRARIES = YES;
				BUNDLE_LOADER = "$(TEST_HOST)";
				CODE_SIGN_STYLE = Automatic;
				INFOPLIST_FILE = hw1Tests/Info.plist;
				LD_RUNPATH_SEARCH_PATHS = (
					"$(inherited)",
					"@executable_path/Frameworks",
					"@loader_path/Frameworks",
				);
				PRODUCT_BUNDLE_IDENTIFIER = vv.hw1Tests;
				PRODUCT_NAME = "$(TARGET_NAME)";
				SWIFT_VERSION = 4.2;
				TARGETED_DEVICE_FAMILY = "1,2";
				TEST_HOST = "$(BUILT_PRODUCTS_DIR)/hw1.app/hw1";
			};
			name = Debug;
		};
		B7164A00223BF17C005179AC /* Release */ = {
			isa = XCBuildConfiguration;
			buildSettings = {
				ALWAYS_EMBED_SWIFT_STANDARD_LIBRARIES = YES;
				BUNDLE_LOADER = "$(TEST_HOST)";
				CODE_SIGN_STYLE = Automatic;
				INFOPLIST_FILE = hw1Tests/Info.plist;
				LD_RUNPATH_SEARCH_PATHS = (
					"$(inherited)",
					"@executable_path/Frameworks",
					"@loader_path/Frameworks",
				);
				PRODUCT_BUNDLE_IDENTIFIER = vv.hw1Tests;
				PRODUCT_NAME = "$(TARGET_NAME)";
				SWIFT_VERSION = 4.2;
				TARGETED_DEVICE_FAMILY = "1,2";
				TEST_HOST = "$(BUILT_PRODUCTS_DIR)/hw1.app/hw1";
			};
			name = Release;
		};
		B7164A02223BF17C005179AC /* Debug */ = {
			isa = XCBuildConfiguration;
			buildSettings = {
				ALWAYS_EMBED_SWIFT_STANDARD_LIBRARIES = YES;
				CODE_SIGN_STYLE = Automatic;
				INFOPLIST_FILE = hw1UITests/Info.plist;
				LD_RUNPATH_SEARCH_PATHS = (
					"$(inherited)",
					"@executable_path/Frameworks",
					"@loader_path/Frameworks",
				);
				PRODUCT_BUNDLE_IDENTIFIER = vv.hw1UITests;
				PRODUCT_NAME = "$(TARGET_NAME)";
				SWIFT_VERSION = 4.2;
				TARGETED_DEVICE_FAMILY = "1,2";
				TEST_TARGET_NAME = hw1;
			};
			name = Debug;
		};
		B7164A03223BF17C005179AC /* Release */ = {
			isa = XCBuildConfiguration;
			buildSettings = {
				ALWAYS_EMBED_SWIFT_STANDARD_LIBRARIES = YES;
				CODE_SIGN_STYLE = Automatic;
				INFOPLIST_FILE = hw1UITests/Info.plist;
				LD_RUNPATH_SEARCH_PATHS = (
					"$(inherited)",
					"@executable_path/Frameworks",
					"@loader_path/Frameworks",
				);
				PRODUCT_BUNDLE_IDENTIFIER = vv.hw1UITests;
				PRODUCT_NAME = "$(TARGET_NAME)";
				SWIFT_VERSION = 4.2;
				TARGETED_DEVICE_FAMILY = "1,2";
				TEST_TARGET_NAME = hw1;
			};
			name = Release;
		};
/* End XCBuildConfiguration section */

/* Begin XCConfigurationList section */
		B71649CE223BF17A005179AC /* Build configuration list for PBXProject "hw1" */ = {
			isa = XCConfigurationList;
			buildConfigurations = (
				B71649F9223BF17C005179AC /* Debug */,
				B71649FA223BF17C005179AC /* Release */,
			);
			defaultConfigurationIsVisible = 0;
			defaultConfigurationName = Release;
		};
		B71649FB223BF17C005179AC /* Build configuration list for PBXNativeTarget "hw1" */ = {
			isa = XCConfigurationList;
			buildConfigurations = (
				B71649FC223BF17C005179AC /* Debug */,
				B71649FD223BF17C005179AC /* Release */,
			);
			defaultConfigurationIsVisible = 0;
			defaultConfigurationName = Release;
		};
		B71649FE223BF17C005179AC /* Build configuration list for PBXNativeTarget "hw1Tests" */ = {
			isa = XCConfigurationList;
			buildConfigurations = (
				B71649FF223BF17C005179AC /* Debug */,
				B7164A00223BF17C005179AC /* Release */,
			);
			defaultConfigurationIsVisible = 0;
			defaultConfigurationName = Release;
		};
		B7164A01223BF17C005179AC /* Build configuration list for PBXNativeTarget "hw1UITests" */ = {
			isa = XCConfigurationList;
			buildConfigurations = (
				B7164A02223BF17C005179AC /* Debug */,
				B7164A03223BF17C005179AC /* Release */,
			);
			defaultConfigurationIsVisible = 0;
			defaultConfigurationName = Release;
		};
/* End XCConfigurationList section */
	};
	rootObject = B71649CB223BF17A005179AC /* Project object */;
}
